
Microsoft Visual Studio Solution File, Format Version 12.00
# Visual Studio Version 17
VisualStudioVersion = 17.5.33402.96
MinimumVisualStudioVersion = 10.0.40219.1
Project("{2150E333-8FDC-42A3-9474-1A3956D46DE8}") = "01-OOP-Inheritance", "01-OOP-Inheritance", "{A96D7F11-367B-416B-8624-F67A40BCDA95}"
EndProject
Project("{9A19103F-16F7-4668-BE54-9A1E7A4F7556}") = "01-OOP2-01-Savec", "01-OOP2-01-Savec\01-OOP2-01-Savec.csproj", "{B7B241B9-219B-4EDB-BDE3-BCFCD9D1C816}"
EndProject
Project("{2150E333-8FDC-42A3-9474-1A3956D46DE8}") = "00-OOP-Opakovani", "00-OOP-Opakovani", "{E4952BD8-CED7-4B0C-9BA5-B6E247237360}"
EndProject
Project("{9A19103F-16F7-4668-BE54-9A1E7A4F7556}") = "00-OOP-01-Role", "00-OOP-01-Role\00-OOP-01-Role.csproj", "{B7748205-C623-46E1-9A95-428E894628A2}"
EndProject
Project("{9A19103F-16F7-4668-BE54-9A1E7A4F7556}") = "00-OOP-02-Tachometr", "00-OOP-02-Tachometr\00-OOP-02-Tachometr.csproj", "{0D3DDA33-886B-44C3-8903-635A5B6899E6}"
EndProject
Project("{9A19103F-16F7-4668-BE54-9A1E7A4F7556}") = "00-OOP-03-Archiv", "00-OOP-03-Archiv\00-OOP-03-Archiv.csproj", "{B45F569D-9F00-4C0A-8946-457A7FF99B36}"
EndProject
Global
	GlobalSection(SolutionConfigurationPlatforms) = preSolution
		Debug|Any CPU = Debug|Any CPU
		Release|Any CPU = Release|Any CPU
	EndGlobalSection
	GlobalSection(ProjectConfigurationPlatforms) = postSolution
		{B7B241B9-219B-4EDB-BDE3-BCFCD9D1C816}.Debug|Any CPU.ActiveCfg = Debug|Any CPU
		{B7B241B9-219B-4EDB-BDE3-BCFCD9D1C816}.Debug|Any CPU.Build.0 = Debug|Any CPU
		{B7B241B9-219B-4EDB-BDE3-BCFCD9D1C816}.Release|Any CPU.ActiveCfg = Release|Any CPU
		{B7B241B9-219B-4EDB-BDE3-BCFCD9D1C816}.Release|Any CPU.Build.0 = Release|Any CPU
		{B7748205-C623-46E1-9A95-428E894628A2}.Debug|Any CPU.ActiveCfg = Debug|Any CPU
		{B7748205-C623-46E1-9A95-428E894628A2}.Debug|Any CPU.Build.0 = Debug|Any CPU
		{B7748205-C623-46E1-9A95-428E894628A2}.Release|Any CPU.ActiveCfg = Release|Any CPU
		{B7748205-C623-46E1-9A95-428E894628A2}.Release|Any CPU.Build.0 = Release|Any CPU
		{0D3DDA33-886B-44C3-8903-635A5B6899E6}.Debug|Any CPU.ActiveCfg = Debug|Any CPU
		{0D3DDA33-886B-44C3-8903-635A5B6899E6}.Debug|Any CPU.Build.0 = Debug|Any CPU
		{0D3DDA33-886B-44C3-8903-635A5B6899E6}.Release|Any CPU.ActiveCfg = Release|Any CPU
		{0D3DDA33-886B-44C3-8903-635A5B6899E6}.Release|Any CPU.Build.0 = Release|Any CPU
		{B45F569D-9F00-4C0A-8946-457A7FF99B36}.Debug|Any CPU.ActiveCfg = Debug|Any CPU
		{B45F569D-9F00-4C0A-8946-457A7FF99B36}.Debug|Any CPU.Build.0 = Debug|Any CPU
		{B45F569D-9F00-4C0A-8946-457A7FF99B36}.Release|Any CPU.ActiveCfg = Release|Any CPU
		{B45F569D-9F00-4C0A-8946-457A7FF99B36}.Release|Any CPU.Build.0 = Release|Any CPU
	EndGlobalSection
	GlobalSection(SolutionProperties) = preSolution
		HideSolutionNode = FALSE
	EndGlobalSection
	GlobalSection(NestedProjects) = preSolution
		{B7B241B9-219B-4EDB-BDE3-BCFCD9D1C816} = {A96D7F11-367B-416B-8624-F67A40BCDA95}
		{B7748205-C623-46E1-9A95-428E894628A2} = {E4952BD8-CED7-4B0C-9BA5-B6E247237360}
		{0D3DDA33-886B-44C3-8903-635A5B6899E6} = {E4952BD8-CED7-4B0C-9BA5-B6E247237360}
		{B45F569D-9F00-4C0A-8946-457A7FF99B36} = {E4952BD8-CED7-4B0C-9BA5-B6E247237360}
	EndGlobalSection
	GlobalSection(ExtensibilityGlobals) = postSolution
		SolutionGuid = {073DDDB4-B1B9-41C5-BA26-77E4EC3F91C7}
	EndGlobalSection
EndGlobal
